PODS:
  - CocoaLumberjack (2.0.0):
    - CocoaLumberjack/Default (= 2.0.0)
    - CocoaLumberjack/Extensions (= 2.0.0)
  - CocoaLumberjack/Core (2.0.0)
  - CocoaLumberjack/Default (2.0.0):
    - CocoaLumberjack/Core
  - CocoaLumberjack/Extensions (2.0.0):
    - CocoaLumberjack/Default
  - Expecta (1.0.3)
  - Expecta+Snapshots (2.0.0):
    - Expecta (~> 1.0)
    - FBSnapshotTestCase/Core (~> 2.0.3)
  - FBSnapshotTestCase (2.0.4):
    - FBSnapshotTestCase/SwiftSupport (= 2.0.4)
  - FBSnapshotTestCase/Core (2.0.4)
  - FBSnapshotTestCase/SwiftSupport (2.0.4):
    - FBSnapshotTestCase/Core
  - NiosKit (0.1.4):
    - CocoaLumberjack (= 2.0.0)
  - Specta (1.0.3)

DEPENDENCIES:
  - CocoaLumberjack (= 2.0.0)
  - Expecta
  - Expecta+Snapshots
  - FBSnapshotTestCase
  - NiosKit (from `../`)
  - Specta

EXTERNAL SOURCES:
  NiosKit:
    :path: "../"

SPEC CHECKSUMS:
  CocoaLumberjack: a6f77d987d65dc7ba86b0f84db7d0b9084f77bcb
  Expecta: 9d1bff6c8b0eeee73a166a2ee898892478927a15
  Expecta+Snapshots: 29b38dd695bc72a0ed2bea833937d78df41943ba
  FBSnapshotTestCase: d94cf34841c9e77390e29009e8e2713479d48753
  NiosKit: e7a082f90f38805734990a91347de8d1e7c06b5d
  Specta: cf3e4188cf35375c3ee2cd03f8db8f1f4ef98234

COCOAPODS: 0.38.2
